hash: e305ee6090ad58e315558e2ab99adfde0f622a7ec529c41d16d7e410b4b5eb53

updated: 2018-04-12T16:52:38.68223+03:00
imports:
- name: github.com/armon/go-metrics
  version: 783273d703149aaeb9897cf58613d5af48861c25
- name: github.com/caarlos0/env
  version: 7cd7992b3bc86f920394f8de92c13900da1a46b7
- name: github.com/cenkalti/backoff
  version: 4dc77674aceaabba2c7e3da25d4c823edfb73f99
- name: github.com/clbanning/x2j
  version: 5ee34bb343f10ecfc125261107681de62f985cf6
- name: github.com/franela/goreq
  version: 9df54ca75ad62b6295f33ca96e16a2ca10bc137a
- name: github.com/go-chi/chi
  version: e83ac2304db3c50cf03d96a2fcd39009d458bc35
  subpackages:
  - middleware
- name: github.com/go-playground/locales
  version: f63010822830b6fe52288ee52d5a1151088ce039
  subpackages:
  - currency
- name: github.com/go-playground/universal-translator
  version: 71201497bace774495daed26a3874fd339e0b538
- name: github.com/hashicorp/consul
  version: 9a494b5fb9c86180a5702e29c485df1507a47198
  subpackages:
  - api
- name: github.com/hashicorp/go-cleanhttp
  version: d5fe4b57a186c716b0e00b8c301cbd9b4182694d
- name: github.com/hashicorp/go-immutable-radix
  version: 7f3cd4390caab3250a57f30efdb2a65dd7649ecf
- name: github.com/hashicorp/go-rootcerts
  version: 6bb64b370b90e7ef1fa532be9e591a81c3493e00
- name: github.com/hashicorp/golang-lru
  version: 0fb14efe8c47ae851c0034ed7a448854d3d34cf3
  subpackages:
  - simplelru
- name: github.com/hashicorp/serf
  version: fc4bdedf2366c64984e280c6eefc703ca7812585
  subpackages:
  - coordinate
- name: github.com/hudl/fargo
  version: 14ced469f7dc175f6fbf9f55d799f9f12e302965
- name: github.com/miekg/dns
  version: f01e44c2fdbf755201344b5b7917f974a4badd13
- name: github.com/mitchellh/go-homedir
  version: b8bc1bf767474819792c23f32d8286a45736f1c6
- name: github.com/onsi/ginkgo
  version: 9eda700730cba42af70d53180f9dcce9266bc2bc
  subpackages:
  - config
  - ginkgo
  - internal/codelocation
  - internal/containernode
  - internal/failer
  - internal/leafnodes
  - internal/remote
  - internal/spec
  - internal/spec_iterator
  - internal/specrunner
  - internal/suite
  - internal/testingtproxy
  - internal/writer
  - reporters
  - reporters/stenographer
  - reporters/stenographer/support/go-colorable
  - reporters/stenographer/support/go-isatty
  - types
- name: github.com/onsi/gomega
  version: 003f63b7f4cff3fc95357005358af2de0f5fe152
  subpackages:
  - format
  - internal/assertion
  - internal/asyncassertion
  - internal/oraclematcher
  - internal/testingtsupport
  - matchers
  - matchers/support/goraph/bipartitegraph
  - matchers/support/goraph/edge
  - matchers/support/goraph/node
  - matchers/support/goraph/util
  - types
- name: github.com/op/go-logging
  version: d2e44aa77b7195c0ef782189985dd8550e22e4de
- name: github.com/pkg/errors
  version: 645ef00459ed84a119197bfb8d8205042c6df63d
- name: github.com/sirupsen/logrus
  version: c155da19408a8799da419ed3eeb0cb5db0ad5dbc
- name: golang.org/x/crypto
  version: d9133f5469342136e669e85192a26056b587f503
  subpackages:
  - ssh/terminal
- name: golang.org/x/net
  version: 2fb46b16b8dda405028c50f7c7f0f9dd1fa6bfb1
  subpackages:
  - context
  - html
  - html/atom
  - html/charset
- name: golang.org/x/sys
  version: 37707fdb30a5b38865cfb95e5aab41707daec7fd
  subpackages:
  - unix
  - windows
- name: gopkg.in/gcfg.v1
  version: 0ef1a8547f99b94fac9af5377dd72febba18f37c
  subpackages:
  - scanner
  - token
  - types
- name: gopkg.in/go-playground/validator.v9
  version: 14984d91328f9612b58443cbdf4a077d4fd71091
- name: gopkg.in/reportportal/commons-go.v1
  version: b3b4a0be0763fec7a1e8dc8cdfc67abe0ecde370
  subpackages:
  - commons
  - conf
  - registry
  - server
testImports:
- name: github.com/davecgh/go-spew
  version: 6d212800a42e8ab5c146b8ace3490ee17e5225f9
  subpackages:
  - spew
- name: github.com/pmezard/go-difflib
  version: d8ed2627bdf02c080bf22230dbb337003b7aba2d
  subpackages:
  - difflib
- name: github.com/stretchr/testify
  version: 69483b4bd14f5845b5a1e55bca19e954e827f1d0
  subpackages:
  - assert
- name: golang.org/x/text
  version: f21a4dfb5e38f5895301dc265a8def02365cc3d0
  subpackages:
  - encoding
  - encoding/charmap
  - encoding/htmlindex
  - encoding/internal
  - encoding/internal/identifier
  - encoding/japanese
  - encoding/korean
  - encoding/simplifiedchinese
  - encoding/traditionalchinese
  - encoding/unicode
  - internal/tag
  - internal/utf8internal
  - language
  - runes
  - transform
- name: gopkg.in/yaml.v2
  version: d670f9405373e636a5a2765eea47fac0c9bc91a4
